PODS:
  - PhotoEditorSDK (8.6.1)
  - SnapKit (4.0.1)

DEPENDENCIES:
  - PhotoEditorSDK
  - SnapKit

SPEC REPOS:
  https://github.com/CocoaPods/Specs.git:
    - PhotoEditorSDK
    - SnapKit

SPEC CHECKSUMS:
  PhotoEditorSDK: b2fbe0d0ca9aaf14df63cf90d721e48696cd9906
  SnapKit: 0de968a9fec17499afa29683b05d0c775b6d1c29

PODFILE CHECKSUM: 0795a6b4947ca87e6b8ba15ee3db6f6d51507cc6

COCOAPODS: 1.5.0
